
Microsoft Visual Studio Solution File, Format Version 12.00
Project("{FAE04EC0-301F-11D3-BF4B-00C04F79EFBC}") = "TelegramBotDotNet", "TelegramBotDotNet\TelegramBotDotNet.csproj", "{CC9309B9-334A-47D7-BD75-79D85D567495}"
EndProject
Global
	GlobalSection(SolutionConfigurationPlatforms) = preSolution
		Debug|Any CPU = Debug|Any CPU
		Release|Any CPU = Release|Any CPU
	EndGlobalSection
	GlobalSection(ProjectConfigurationPlatforms) = postSolution
		{CC9309B9-334A-47D7-BD75-79D85D567495}.Debug|Any CPU.ActiveCfg = Debug|Any CPU
		{CC9309B9-334A-47D7-BD75-79D85D567495}.Debug|Any CPU.Build.0 = Debug|Any CPU
		{CC9309B9-334A-47D7-BD75-79D85D567495}.Release|Any CPU.ActiveCfg = Release|Any CPU
		{CC9309B9-334A-47D7-BD75-79D85D567495}.Release|Any CPU.Build.0 = Release|Any CPU
	EndGlobalSection
EndGlobal
